github.com/gohugoio/hugo-mod-bootstrap-scss/v5 v5.20300.20000 h1:cQ8J2tkcrOgsF6TFTlfwOOtX2bgQzzPKhcRvHcUmUo0=
github.com/gohugoio/hugo-mod-bootstrap-scss/v5 v5.20300.20000/go.mod h1:6Fa+6zeMwAHMsYalEmIpC0QKs9UjlNtR8BLLMQXLqWQ=
github.com/gohugoio/hugo-mod-jslibs-dist/popperjs/v2 v2.21100.20000/go.mod h1:mFberT6ZtcchrsDtfvJM7aAH2bDKLdOnruUHl0hlapI=
github.com/twbs/bootstrap v5.3.0-alpha1+incompatible h1:TWdQPnyCB2GbvtvDglzVbOZEiXD7WgXOq8hH/mk2KKE=
github.com/twbs/bootstrap v5.3.0-alpha1+incompatible/go.mod h1:fZTSrkpSf0/HkL0IIJzvVspTt1r9zuf7XlZau8kpcY0=
